
Microsoft Visual Studio Solution File, Format Version 12.00
# Visual Studio 15
VisualStudioVersion = 15.0.28307.705
MinimumVisualStudioVersion = 10.0.40219.1
Project("{FAE04EC0-301F-11D3-BF4B-00C04F79EFBC}") = "UploadWebApi", "UploadWebApi\UploadWebApi.csproj", "{D9B0D8DF-95B3-407F-9254-2D2CC633273C}"
EndProject
Project("{FAE04EC0-301F-11D3-BF4B-00C04F79EFBC}") = "HuellaDactilarAceite", "..\HuellaDactilarAceite\HuellaDactilarAceite\HuellaDactilarAceite.csproj", "{A1498FE5-EC33-4D65-B9C4-67616546A0F2}"
EndProject
Project("{FAE04EC0-301F-11D3-BF4B-00C04F79EFBC}") = "FundacionOlivar.Modelos", "..\FundacionOlivar\FundacionOlivar.Modelos\FundacionOlivar.Modelos.csproj", "{6DB3C91E-F397-433D-8CE9-3CD087FBE16A}"
EndProject
Project("{FAE04EC0-301F-11D3-BF4B-00C04F79EFBC}") = "FundacionOlivar", "..\FundacionOlivar\FundacionOlivar\FundacionOlivar.csproj", "{0092457D-6D0D-4D65-AE56-6A0473A3E955}"
EndProject
Global
	GlobalSection(SolutionConfigurationPlatforms) = preSolution
		Debug|Any CPU = Debug|Any CPU
		Debug|x64 = Debug|x64
		Debug|x86 = Debug|x86
		Release|Any CPU = Release|Any CPU
		Release|x64 = Release|x64
		Release|x86 = Release|x86
		Solo API|Any CPU = Solo API|Any CPU
		Solo API|x64 = Solo API|x64
		Solo API|x86 = Solo API|x86
	EndGlobalSection
	GlobalSection(ProjectConfigurationPlatforms) = postSolution
		{D9B0D8DF-95B3-407F-9254-2D2CC633273C}.Debug|Any CPU.ActiveCfg = Debug|Any CPU
		{D9B0D8DF-95B3-407F-9254-2D2CC633273C}.Debug|Any CPU.Build.0 = Debug|Any CPU
		{D9B0D8DF-95B3-407F-9254-2D2CC633273C}.Debug|x64.ActiveCfg = Debug|Any CPU
		{D9B0D8DF-95B3-407F-9254-2D2CC633273C}.Debug|x64.Build.0 = Debug|Any CPU
		{D9B0D8DF-95B3-407F-9254-2D2CC633273C}.Debug|x86.ActiveCfg = Debug|Any CPU
		{D9B0D8DF-95B3-407F-9254-2D2CC633273C}.Debug|x86.Build.0 = Debug|Any CPU
		{D9B0D8DF-95B3-407F-9254-2D2CC633273C}.Release|Any CPU.ActiveCfg = Release|Any CPU
		{D9B0D8DF-95B3-407F-9254-2D2CC633273C}.Release|Any CPU.Build.0 = Release|Any CPU
		{D9B0D8DF-95B3-407F-9254-2D2CC633273C}.Release|x64.ActiveCfg = Release|Any CPU
		{D9B0D8DF-95B3-407F-9254-2D2CC633273C}.Release|x64.Build.0 = Release|Any CPU
		{D9B0D8DF-95B3-407F-9254-2D2CC633273C}.Release|x86.ActiveCfg = Release|Any CPU
		{D9B0D8DF-95B3-407F-9254-2D2CC633273C}.Release|x86.Build.0 = Release|Any CPU
		{D9B0D8DF-95B3-407F-9254-2D2CC633273C}.Solo API|Any CPU.ActiveCfg = Release|Any CPU
		{D9B0D8DF-95B3-407F-9254-2D2CC633273C}.Solo API|Any CPU.Build.0 = Release|Any CPU
		{D9B0D8DF-95B3-407F-9254-2D2CC633273C}.Solo API|x64.ActiveCfg = Release|Any CPU
		{D9B0D8DF-95B3-407F-9254-2D2CC633273C}.Solo API|x64.Build.0 = Release|Any CPU
		{D9B0D8DF-95B3-407F-9254-2D2CC633273C}.Solo API|x86.ActiveCfg = Release|Any CPU
		{D9B0D8DF-95B3-407F-9254-2D2CC633273C}.Solo API|x86.Build.0 = Release|Any CPU
		{A1498FE5-EC33-4D65-B9C4-67616546A0F2}.Debug|Any CPU.ActiveCfg = Debug|Any CPU
		{A1498FE5-EC33-4D65-B9C4-67616546A0F2}.Debug|Any CPU.Build.0 = Debug|Any CPU
		{A1498FE5-EC33-4D65-B9C4-67616546A0F2}.Debug|x64.ActiveCfg = Debug|x64
		{A1498FE5-EC33-4D65-B9C4-67616546A0F2}.Debug|x64.Build.0 = Debug|x64
		{A1498FE5-EC33-4D65-B9C4-67616546A0F2}.Debug|x86.ActiveCfg = Debug|x86
		{A1498FE5-EC33-4D65-B9C4-67616546A0F2}.Debug|x86.Build.0 = Debug|x86
		{A1498FE5-EC33-4D65-B9C4-67616546A0F2}.Release|Any CPU.ActiveCfg = Release|Any CPU
		{A1498FE5-EC33-4D65-B9C4-67616546A0F2}.Release|Any CPU.Build.0 = Release|Any CPU
		{A1498FE5-EC33-4D65-B9C4-67616546A0F2}.Release|x64.ActiveCfg = Release|x64
		{A1498FE5-EC33-4D65-B9C4-67616546A0F2}.Release|x64.Build.0 = Release|x64
		{A1498FE5-EC33-4D65-B9C4-67616546A0F2}.Release|x86.ActiveCfg = Release|x86
		{A1498FE5-EC33-4D65-B9C4-67616546A0F2}.Release|x86.Build.0 = Release|x86
		{A1498FE5-EC33-4D65-B9C4-67616546A0F2}.Solo API|Any CPU.ActiveCfg = Release|Any CPU
		{A1498FE5-EC33-4D65-B9C4-67616546A0F2}.Solo API|Any CPU.Build.0 = Release|Any CPU
		{A1498FE5-EC33-4D65-B9C4-67616546A0F2}.Solo API|x64.ActiveCfg = Release|x64
		{A1498FE5-EC33-4D65-B9C4-67616546A0F2}.Solo API|x64.Build.0 = Release|x64
		{A1498FE5-EC33-4D65-B9C4-67616546A0F2}.Solo API|x86.ActiveCfg = Release|x86
		{A1498FE5-EC33-4D65-B9C4-67616546A0F2}.Solo API|x86.Build.0 = Release|x86
		{6DB3C91E-F397-433D-8CE9-3CD087FBE16A}.Debug|Any CPU.ActiveCfg = Debug|Any CPU
		{6DB3C91E-F397-433D-8CE9-3CD087FBE16A}.Debug|Any CPU.Build.0 = Debug|Any CPU
		{6DB3C91E-F397-433D-8CE9-3CD087FBE16A}.Debug|x64.ActiveCfg = Debug|Any CPU
		{6DB3C91E-F397-433D-8CE9-3CD087FBE16A}.Debug|x64.Build.0 = Debug|Any CPU
		{6DB3C91E-F397-433D-8CE9-3CD087FBE16A}.Debug|x86.ActiveCfg = Debug|Any CPU
		{6DB3C91E-F397-433D-8CE9-3CD087FBE16A}.Debug|x86.Build.0 = Debug|Any CPU
		{6DB3C91E-F397-433D-8CE9-3CD087FBE16A}.Release|Any CPU.ActiveCfg = Release|Any CPU
		{6DB3C91E-F397-433D-8CE9-3CD087FBE16A}.Release|Any CPU.Build.0 = Release|Any CPU
		{6DB3C91E-F397-433D-8CE9-3CD087FBE16A}.Release|x64.ActiveCfg = Release|Any CPU
		{6DB3C91E-F397-433D-8CE9-3CD087FBE16A}.Release|x64.Build.0 = Release|Any CPU
		{6DB3C91E-F397-433D-8CE9-3CD087FBE16A}.Release|x86.ActiveCfg = Release|Any CPU
		{6DB3C91E-F397-433D-8CE9-3CD087FBE16A}.Release|x86.Build.0 = Release|Any CPU
		{6DB3C91E-F397-433D-8CE9-3CD087FBE16A}.Solo API|Any CPU.ActiveCfg = Release|Any CPU
		{6DB3C91E-F397-433D-8CE9-3CD087FBE16A}.Solo API|Any CPU.Build.0 = Release|Any CPU
		{6DB3C91E-F397-433D-8CE9-3CD087FBE16A}.Solo API|x64.ActiveCfg = Release|Any CPU
		{6DB3C91E-F397-433D-8CE9-3CD087FBE16A}.Solo API|x64.Build.0 = Release|Any CPU
		{6DB3C91E-F397-433D-8CE9-3CD087FBE16A}.Solo API|x86.ActiveCfg = Release|Any CPU
		{6DB3C91E-F397-433D-8CE9-3CD087FBE16A}.Solo API|x86.Build.0 = Release|Any CPU
		{0092457D-6D0D-4D65-AE56-6A0473A3E955}.Debug|Any CPU.ActiveCfg = Debug|Any CPU
		{0092457D-6D0D-4D65-AE56-6A0473A3E955}.Debug|Any CPU.Build.0 = Debug|Any CPU
		{0092457D-6D0D-4D65-AE56-6A0473A3E955}.Debug|x64.ActiveCfg = Debug|Any CPU
		{0092457D-6D0D-4D65-AE56-6A0473A3E955}.Debug|x64.Build.0 = Debug|Any CPU
		{0092457D-6D0D-4D65-AE56-6A0473A3E955}.Debug|x86.ActiveCfg = Debug|Any CPU
		{0092457D-6D0D-4D65-AE56-6A0473A3E955}.Debug|x86.Build.0 = Debug|Any CPU
		{0092457D-6D0D-4D65-AE56-6A0473A3E955}.Release|Any CPU.ActiveCfg = Release|Any CPU
		{0092457D-6D0D-4D65-AE56-6A0473A3E955}.Release|Any CPU.Build.0 = Release|Any CPU
		{0092457D-6D0D-4D65-AE56-6A0473A3E955}.Release|x64.ActiveCfg = Release|Any CPU
		{0092457D-6D0D-4D65-AE56-6A0473A3E955}.Release|x64.Build.0 = Release|Any CPU
		{0092457D-6D0D-4D65-AE56-6A0473A3E955}.Release|x86.ActiveCfg = Release|Any CPU
		{0092457D-6D0D-4D65-AE56-6A0473A3E955}.Release|x86.Build.0 = Release|Any CPU
		{0092457D-6D0D-4D65-AE56-6A0473A3E955}.Solo API|Any CPU.ActiveCfg = Release|Any CPU
		{0092457D-6D0D-4D65-AE56-6A0473A3E955}.Solo API|Any CPU.Build.0 = Release|Any CPU
		{0092457D-6D0D-4D65-AE56-6A0473A3E955}.Solo API|x64.ActiveCfg = Release|Any CPU
		{0092457D-6D0D-4D65-AE56-6A0473A3E955}.Solo API|x64.Build.0 = Release|Any CPU
		{0092457D-6D0D-4D65-AE56-6A0473A3E955}.Solo API|x86.ActiveCfg = Release|Any CPU
		{0092457D-6D0D-4D65-AE56-6A0473A3E955}.Solo API|x86.Build.0 = Release|Any CPU
	EndGlobalSection
	GlobalSection(SolutionProperties) = preSolution
		HideSolutionNode = FALSE
	EndGlobalSection
	GlobalSection(ExtensibilityGlobals) = postSolution
		SolutionGuid = {56BAF2DE-DD51-48A8-A9D6-E7B4356B5FB0}
	EndGlobalSection
EndGlobal
